
Microsoft Visual Studio Solution File, Format Version 12.00
# Visual Studio Version 17
VisualStudioVersion = 17.10.35013.160
MinimumVisualStudioVersion = 10.0.40219.1
Project("{FAE04EC0-301F-11D3-BF4B-00C04F79EFBC}") = "SwaggerDocExample", "SwaggerDocExample\SwaggerDocExample.csproj", "{C64C06F8-971F-48F5-B398-F52150D46C92}"
EndProject
Global
	GlobalSection(SolutionConfigurationPlatforms) = preSolution
		Debug|Any CPU = Debug|Any CPU
		Release|Any CPU = Release|Any CPU
	EndGlobalSection
	GlobalSection(ProjectConfigurationPlatforms) = postSolution
		{C64C06F8-971F-48F5-B398-F52150D46C92}.Debug|Any CPU.ActiveCfg = Debug|Any CPU
		{C64C06F8-971F-48F5-B398-F52150D46C92}.Debug|Any CPU.Build.0 = Debug|Any CPU
		{C64C06F8-971F-48F5-B398-F52150D46C92}.Release|Any CPU.ActiveCfg = Release|Any CPU
		{C64C06F8-971F-48F5-B398-F52150D46C92}.Release|Any CPU.Build.0 = Release|Any CPU
	EndGlobalSection
	GlobalSection(SolutionProperties) = preSolution
		HideSolutionNode = FALSE
	EndGlobalSection
	GlobalSection(ExtensibilityGlobals) = postSolution
		SolutionGuid = {5E1B8826-72B3-4CC6-991C-C1D2BD064536}
	EndGlobalSection
EndGlobal
